{
  "version": "5",
  "specifiers": {
    "jsr:@leawind/delegate@0.6": "0.6.0",
    "jsr:@leawind/inventory@~0.19.5": "0.19.5",
    "jsr:@std/assert@1": "1.0.19",
    "jsr:@std/assert@1.0.19": "1.0.19",
    "jsr:@std/dotenv@~0.225.7": "0.225.7",
    "jsr:@std/fs@^1.0.22": "1.0.23",
    "jsr:@std/internal@^1.0.12": "1.0.13",
    "jsr:@std/path@^1.1.4": "1.1.4",
    "npm:commander@*": "14.0.3",
    "npm:commander@14.0.3": "14.0.3",
    "npm:conventional-commits-parser@6.4.0": "6.4.0",
    "npm:java-parser@*": "3.0.1",
    "npm:lay-sing@~0.4.2": "0.4.2",
    "npm:minimatch@*": "10.2.5",
    "npm:minimatch@^10.2.5": "10.2.5"
  },
  "jsr": {
    "@leawind/delegate@0.6.0": {
      "integrity": "37b5638a8ba0393d40f16f8cfc1788dff3b597bdb3251633d5893c9c366f3e24"
    },
    "@leawind/inventory@0.19.5": {
      "integrity": "7cf38b6a22f47ff5b7399ca064323139e9888e9ad277e27a5ea5021877f44fa0",
      "dependencies": [
        "jsr:@leawind/delegate",
        "jsr:@std/fs",
        "jsr:@std/path",
        "npm:lay-sing",
        "npm:minimatch@^10.2.5"
      ]
    },
    "@std/assert@1.0.19": {
      "integrity": "eaada96ee120cb980bc47e040f82814d786fe8162ecc53c91d8df60b8755991e",
      "dependencies": [
        "jsr:@std/internal"
      ]
    },
    "@std/dotenv@0.225.7": {
      "integrity": "11d8db03ca4ad5aba9eba809f2e8058b2a4f320b7b09fea4b360e162928329e3"
    },
    "@std/fs@1.0.23": {
      "integrity": "3ecbae4ce4fee03b180fa710caff36bb5adb66631c46a6460aaad49515565a37",
      "dependencies": [
        "jsr:@std/internal",
        "jsr:@std/path"
      ]
    },
    "@std/internal@1.0.13": {
      "integrity": "2f9546691d4ac2d32859c82dff284aaeac980ddeca38430d07941e7e288725c0"
    },
    "@std/path@1.1.4": {
      "integrity": "1d2d43f39efb1b42f0b1882a25486647cb851481862dc7313390b2bb044314b5",
      "dependencies": [
        "jsr:@std/internal"
      ]
    }
  },
  "npm": {
    "@chevrotain/cst-dts-gen@11.0.3": {
      "integrity": "sha512-BvIKpRLeS/8UbfxXxgC33xOumsacaeCKAjAeLyOn7Pcp95HiRbrpl14S+9vaZLolnbssPIUuiUd8IvgkRyt6NQ==",
      "dependencies": [
        "@chevrotain/gast",
        "@chevrotain/types",
        "lodash-es"
      ]
    },
    "@chevrotain/gast@11.0.3": {
      "integrity": "sha512-+qNfcoNk70PyS/uxmj3li5NiECO+2YKZZQMbmjTqRI3Qchu8Hig/Q9vgkHpI3alNjr7M+a2St5pw5w5F6NL5/Q==",
      "dependencies": [
        "@chevrotain/types",
        "lodash-es"
      ]
    },
    "@chevrotain/regexp-to-ast@11.0.3": {
      "integrity": "sha512-1fMHaBZxLFvWI067AVbGJav1eRY7N8DDvYCTwGBiE/ytKBgP8azTdgyrKyWZ9Mfh09eHWb5PgTSO8wi7U824RA=="
    },
    "@chevrotain/types@11.0.3": {
      "integrity": "sha512-gsiM3G8b58kZC2HaWR50gu6Y1440cHiJ+i3JUvcp/35JchYejb2+5MVeJK0iKThYpAa/P2PYFV4hoi44HD+aHQ=="
    },
    "@chevrotain/utils@11.0.3": {
      "integrity": "sha512-YslZMgtJUyuMbZ+aKvfF3x1f5liK4mWNxghFRv7jqRR9C3R3fAOGTTKvxXDa2Y1s9zSbcpuO0cAxDYsc9SrXoQ=="
    },
    "@simple-libs/stream-utils@1.2.0": {
      "integrity": "sha512-KxXvfapcixpz6rVEB6HPjOUZT22yN6v0vI0urQSk1L8MlEWPDFCZkhw2xmkyoTGYeFw7tWTZd7e3lVzRZRN/EA=="
    },
    "balanced-match@4.0.4": {
      "integrity": "sha512-BLrgEcRTwX2o6gGxGOCNyMvGSp35YofuYzw9h1IMTRmKqttAZZVU67bdb9Pr2vUHA8+j3i2tJfjO6C6+4myGTA=="
    },
    "brace-expansion@5.0.5": {
      "integrity": "sha512-VZznLgtwhn+Mact9tfiwx64fA9erHH/MCXEUfB/0bX/6Fz6ny5EGTXYltMocqg4xFAQZtnO3DHWWXi8RiuN7cQ==",
      "dependencies": [
        "balanced-match"
      ]
    },
    "chevrotain-allstar@0.3.1_chevrotain@11.0.3": {
      "integrity": "sha512-b7g+y9A0v4mxCW1qUhf3BSVPg+/NvGErk/dOkrDaHA0nQIQGAtrOjlX//9OQtRlSCy+x9rfB5N8yC71lH1nvMw==",
      "dependencies": [
        "chevrotain",
        "lodash-es"
      ]
    },
    "chevrotain@11.0.3": {
      "integrity": "sha512-ci2iJH6LeIkvP9eJW6gpueU8cnZhv85ELY8w8WiFtNjMHA5ad6pQLaJo9mEly/9qUyCpvqX8/POVUTf18/HFdw==",
      "dependencies": [
        "@chevrotain/cst-dts-gen",
        "@chevrotain/gast",
        "@chevrotain/regexp-to-ast",
        "@chevrotain/types",
        "@chevrotain/utils",
        "lodash-es"
      ]
    },
    "commander@14.0.3": {
      "integrity": "sha512-H+y0Jo/T1RZ9qPP4Eh1pkcQcLRglraJaSLoyOtHxu6AapkjWVCy2Sit1QQ4x3Dng8qDlSsZEet7g5Pq06MvTgw=="
    },
    "conventional-commits-parser@6.4.0": {
      "integrity": "sha512-tvRg7FIBNlyPzjdG8wWRlPHQJJHI7DylhtRGeU9Lq+JuoPh5BKpPRX83ZdLrvXuOSu5Eo/e7SzOQhU4Hd2Miuw==",
      "dependencies": [
        "@simple-libs/stream-utils",
        "meow"
      ],
      "bin": true
    },
    "java-parser@3.0.1": {
      "integrity": "sha512-sDIR7u9b7O2JViNUxiZRhnRz7URII/eE7g2B+BmGxDeS6Ex3OYAcCyz5oh0H4LQ+hL/BS8OJTz8apMy9xtGmrQ==",
      "dependencies": [
        "chevrotain",
        "chevrotain-allstar",
        "lodash"
      ]
    },
    "lay-sing@0.4.2": {
      "integrity": "sha512-kEkJosE2aguIdIhfS82UGXBdHm05Egc103FqPIy8t1+iC0ardeK58ZB28DTkuV1FV31oa97RpCWmWaCuMbm/LQ=="
    },
    "lodash-es@4.17.21": {
      "integrity": "sha512-mKnC+QJ9pWVzv+C4/U3rRsHapFfHvQFoFB92e52xeyGMcX6/OlIl78je1u8vePzYZSkkogMPJ2yjxxsb89cxyw=="
    },
    "lodash@4.17.21": {
      "integrity": "sha512-v2kDEe57lecTulaDIuNTPy3Ry4gLGJ6Z1O3vE1krgXZNrsQ+LFTGHVxVjcXPs17LhbZVGedAJv8XZ1tvj5FvSg=="
    },
    "meow@13.2.0": {
      "integrity": "sha512-pxQJQzB6djGPXh08dacEloMFopsOqGVRKFPYvPOt9XDZ1HasbgDZA74CJGreSU4G3Ak7EFJGoiH2auq+yXISgA=="
    },
    "minimatch@10.2.5": {
      "integrity": "sha512-MULkVLfKGYDFYejP07QOurDLLQpcjk7Fw+7jXS2R2czRQzR56yHRveU5NDJEOviH+hETZKSkIk5c+T23GjFUMg==",
      "dependencies": [
        "brace-expansion"
      ]
    }
  },
  "workspace": {
    "dependencies": [
      "jsr:@leawind/inventory@~0.19.5",
      "jsr:@std/assert@1.0.19",
      "jsr:@std/dotenv@~0.225.7"
    ]
  }
}
